// !$*UTF8*$!
{
	archiveVersion = 1;
	classes = {
	};
	objectVersion = 48;
	objects = {

/* Begin PBXBuildFile section */
		AC27160F2059DAB200753671 /* AppDelegate.swift in Sources */ = {isa = PBXBuildFile; fileRef = AC27160E2059DAB200753671 /* AppDelegate.swift */; };
		AC2716112059DAB200753671 /* QuotesViewController.swift in Sources */ = {isa = PBXBuildFile; fileRef = AC2716102059DAB200753671 /* QuotesViewController.swift */; };
		AC2716142059DAB200753671 /* Main.storyboard in Resources */ = {isa = PBXBuildFile; fileRef = AC2716122059DAB200753671 /* Main.storyboard */; };
		AC2716162059DAB200753671 /* Assets.xcassets in Resources */ = {isa = PBXBuildFile; fileRef = AC2716152059DAB200753671 /* Assets.xcassets */; };
		AC2716192059DAB200753671 /* LaunchScreen.storyboard in Resources */ = {isa = PBXBuildFile; fileRef = AC2716172059DAB200753671 /* LaunchScreen.storyboard */; };
		AC2716242059DAB200753671 /* PensamentosTests.swift in Sources */ = {isa = PBXBuildFile; fileRef = AC2716232059DAB200753671 /* PensamentosTests.swift */; };
		AC27162F2059DAB300753671 /* PensamentosUITests.swift in Sources */ = {isa = PBXBuildFile; fileRef = AC27162E2059DAB300753671 /* PensamentosUITests.swift */; };
		AC27163D2059E24200753671 /* ConfigViewController.swift in Sources */ = {isa = PBXBuildFile; fileRef = AC27163C2059E24200753671 /* ConfigViewController.swift */; };
		AC27163F2059E25200753671 /* SaveViewController.swift in Sources */ = {isa = PBXBuildFile; fileRef = AC27163E2059E25200753671 /* SaveViewController.swift */; };
		ACA1EFFF2059F53E005ECBAA /* QuotesManager.swift in Sources */ = {isa = PBXBuildFile; fileRef = ACA1EFFE2059F53E005ECBAA /* QuotesManager.swift */; };
		ACA1F0012059F5A7005ECBAA /* Quote.swift in Sources */ = {isa = PBXBuildFile; fileRef = ACA1F0002059F5A7005ECBAA /* Quote.swift */; };
		ACA1F0032059F6E3005ECBAA /* quotes.json in Resources */ = {isa = PBXBuildFile; fileRef = ACA1F0022059F6E3005ECBAA /* quotes.json */; };
		ACA1F0052059FCF2005ECBAA /* Configuration.swift in Sources */ = {isa = PBXBuildFile; fileRef = ACA1F0042059FCF2005ECBAA /* Configuration.swift */; };
/* End PBXBuildFile section */

/* Begin PBXContainerItemProxy section */
		AC2716202059DAB200753671 /* PBXContainerItemProxy */ = {
			isa = PBXContainerItemProxy;
			containerPortal = AC2716032059DAB200753671 /* Project object */;
			proxyType = 1;
			remoteGlobalIDString = AC27160A2059DAB200753671;
			remoteInfo = Pensamentos;
		};
		AC27162B2059DAB200753671 /* PBXContainerItemProxy */ = {
			isa = PBXContainerItemProxy;
			containerPortal = AC2716032059DAB200753671 /* Project object */;
			proxyType = 1;
			remoteGlobalIDString = AC27160A2059DAB200753671;
			remoteInfo = Pensamentos;
		};
/* End PBXContainerItemProxy section */

/* Begin PBXFileReference section */
		AC27160B2059DAB200753671 /* Pensamentos.app */ = {isa = PBXFileReference; explicitFileType = wrapper.application; includeInIndex = 0; path = Pensamentos.app; sourceTree = BUILT_PRODUCTS_DIR; };
		AC27160E2059DAB200753671 /* AppDelegate.swift */ = {isa = PBXFileReference; lastKnownFileType = sourcecode.swift; path = AppDelegate.swift; sourceTree = "<group>"; };
		AC2716102059DAB200753671 /* QuotesViewController.swift */ = {isa = PBXFileReference; lastKnownFileType = sourcecode.swift; path = QuotesViewController.swift; sourceTree = "<group>"; };
		AC2716132059DAB200753671 /* Base */ = {isa = PBXFileReference; lastKnownFileType = file.storyboard; name = Base; path = Base.lproj/Main.storyboard; sourceTree = "<group>"; };
		AC2716152059DAB200753671 /* Assets.xcassets */ = {isa = PBXFileReference; lastKnownFileType = folder.assetcatalog; path = Assets.xcassets; sourceTree = "<group>"; };
		AC2716182059DAB200753671 /* Base */ = {isa = PBXFileReference; lastKnownFileType = file.storyboard; name = Base; path = Base.lproj/LaunchScreen.storyboard; sourceTree = "<group>"; };
		AC27161A2059DAB200753671 /* Info.plist */ = {isa = PBXFileReference; lastKnownFileType = text.plist.xml; path = Info.plist; sourceTree = "<group>"; };
		AC27161F2059DAB200753671 /* PensamentosTests.xctest */ = {isa = PBXFileReference; explicitFileType = wrapper.cfbundle; includeInIndex = 0; path = PensamentosTests.xctest; sourceTree = BUILT_PRODUCTS_DIR; };
		AC2716232059DAB200753671 /* PensamentosTests.swift */ = {isa = PBXFileReference; lastKnownFileType = sourcecode.swift; path = PensamentosTests.swift; sourceTree = "<group>"; };
		AC2716252059DAB200753671 /* Info.plist */ = {isa = PBXFileReference; lastKnownFileType = text.plist.xml; path = Info.plist; sourceTree = "<group>"; };
		AC27162A2059DAB200753671 /* PensamentosUITests.xctest */ = {isa = PBXFileReference; explicitFileType = wrapper.cfbundle; includeInIndex = 0; path = PensamentosUITests.xctest; sourceTree = BUILT_PRODUCTS_DIR; };
		AC27162E2059DAB300753671 /* PensamentosUITests.swift */ = {isa = PBXFileReference; lastKnownFileType = sourcecode.swift; path = PensamentosUITests.swift; sourceTree = "<group>"; };
		AC2716302059DAB300753671 /* Info.plist */ = {isa = PBXFileReference; lastKnownFileType = text.plist.xml; path = Info.plist; sourceTree = "<group>"; };
		AC27163C2059E24200753671 /* ConfigViewController.swift */ = {isa = PBXFileReference; lastKnownFileType = sourcecode.swift; path = ConfigViewController.swift; sourceTree = "<group>"; };
		AC27163E2059E25200753671 /* SaveViewController.swift */ = {isa = PBXFileReference; lastKnownFileType = sourcecode.swift; path = SaveViewController.swift; sourceTree = "<group>"; };
		ACA1EFFE2059F53E005ECBAA /* QuotesManager.swift */ = {isa = PBXFileReference; lastKnownFileType = sourcecode.swift; path = QuotesManager.swift; sourceTree = "<group>"; };
		ACA1F0002059F5A7005ECBAA /* Quote.swift */ = {isa = PBXFileReference; lastKnownFileType = sourcecode.swift; path = Quote.swift; sourceTree = "<group>"; };
		ACA1F0022059F6E3005ECBAA /* quotes.json */ = {isa = PBXFileReference; fileEncoding = 4; lastKnownFileType = text.json; path = quotes.json; sourceTree = "<group>"; };
		ACA1F0042059FCF2005ECBAA /* Configuration.swift */ = {isa = PBXFileReference; lastKnownFileType = sourcecode.swift; path = Configuration.swift; sourceTree = "<group>"; };
/* End PBXFileReference section */

/* Begin PBXFrameworksBuildPhase section */
		AC2716082059DAB200753671 /* Frameworks */ = {
			isa = PBXFrameworksBuildPhase;
			buildActionMask = 2147483647;
			files = (
			);
			runOnlyForDeploymentPostprocessing = 0;
		};
		AC27161C2059DAB200753671 /* Frameworks */ = {
			isa = PBXFrameworksBuildPhase;
			buildActionMask = 2147483647;
			files = (
			);
			runOnlyForDeploymentPostprocessing = 0;
		};
		AC2716272059DAB200753671 /* Frameworks */ = {
			isa = PBXFrameworksBuildPhase;
			buildActionMask = 2147483647;
			files = (
			);
			runOnlyForDeploymentPostprocessing = 0;
		};
/* End PBXFrameworksBuildPhase section */

/* Begin PBXGroup section */
		AC2716022059DAB200753671 = {
			isa = PBXGroup;
			children = (
				AC27160D2059DAB200753671 /* Pensamentos */,
				AC2716222059DAB200753671 /* PensamentosTests */,
				AC27162D2059DAB300753671 /* PensamentosUITests */,
				AC27160C2059DAB200753671 /* Products */,
			);
			sourceTree = "<group>";
		};
		AC27160C2059DAB200753671 /* Products */ = {
			isa = PBXGroup;
			children = (
				AC27160B2059DAB200753671 /* Pensamentos.app */,
				AC27161F2059DAB200753671 /* PensamentosTests.xctest */,
				AC27162A2059DAB200753671 /* PensamentosUITests.xctest */,
			);
			name = Products;
			sourceTree = "<group>";
		};
		AC27160D2059DAB200753671 /* Pensamentos */ = {
			isa = PBXGroup;
			children = (
				ACA1F0022059F6E3005ECBAA /* quotes.json */,
				AC27160E2059DAB200753671 /* AppDelegate.swift */,
				AC2716102059DAB200753671 /* QuotesViewController.swift */,
				AC2716122059DAB200753671 /* Main.storyboard */,
				AC2716152059DAB200753671 /* Assets.xcassets */,
				AC2716172059DAB200753671 /* LaunchScreen.storyboard */,
				AC27161A2059DAB200753671 /* Info.plist */,
				AC27163C2059E24200753671 /* ConfigViewController.swift */,
				AC27163E2059E25200753671 /* SaveViewController.swift */,
				ACA1EFFE2059F53E005ECBAA /* QuotesManager.swift */,
				ACA1F0002059F5A7005ECBAA /* Quote.swift */,
				ACA1F0042059FCF2005ECBAA /* Configuration.swift */,
			);
			path = Pensamentos;
			sourceTree = "<group>";
		};
		AC2716222059DAB200753671 /* PensamentosTests */ = {
			isa = PBXGroup;
			children = (
				AC2716232059DAB200753671 /* PensamentosTests.swift */,
				AC2716252059DAB200753671 /* Info.plist */,
			);
			path = PensamentosTests;
			sourceTree = "<group>";
		};
		AC27162D2059DAB300753671 /* PensamentosUITests */ = {
			isa = PBXGroup;
			children = (
				AC27162E2059DAB300753671 /* PensamentosUITests.swift */,
				AC2716302059DAB300753671 /* Info.plist */,
			);
			path = PensamentosUITests;
			sourceTree = "<group>";
		};
/* End PBXGroup section */

/* Begin PBXNativeTarget section */
		AC27160A2059DAB200753671 /* Pensamentos */ = {
			isa = PBXNativeTarget;
			buildConfigurationList = AC2716332059DAB300753671 /* Build configuration list for PBXNativeTarget "Pensamentos" */;
			buildPhases = (
				AC2716072059DAB200753671 /* Sources */,
				AC2716082059DAB200753671 /* Frameworks */,
				AC2716092059DAB200753671 /* Resources */,
			);
			buildRules = (
			);
			dependencies = (
			);
			name = Pensamentos;
			productName = Pensamentos;
			productReference = AC27160B2059DAB200753671 /* Pensamentos.app */;
			productType = "com.apple.product-type.application";
		};
		AC27161E2059DAB200753671 /* PensamentosTests */ = {
			isa = PBXNativeTarget;
			buildConfigurationList = AC2716362059DAB300753671 /* Build configuration list for PBXNativeTarget "PensamentosTests" */;
			buildPhases = (
				AC27161B2059DAB200753671 /* Sources */,
				AC27161C2059DAB200753671 /* Frameworks */,
				AC27161D2059DAB200753671 /* Resources */,
			);
			buildRules = (
			);
			dependencies = (
				AC2716212059DAB200753671 /* PBXTargetDependency */,
			);
			name = PensamentosTests;
			productName = PensamentosTests;
			productReference = AC27161F2059DAB200753671 /* PensamentosTests.xctest */;
			productType = "com.apple.product-type.bundle.unit-test";
		};
		AC2716292059DAB200753671 /* PensamentosUITests */ = {
			isa = PBXNativeTarget;
			buildConfigurationList = AC2716392059DAB300753671 /* Build configuration list for PBXNativeTarget "PensamentosUITests" */;
			buildPhases = (
				AC2716262059DAB200753671 /* Sources */,
				AC2716272059DAB200753671 /* Frameworks */,
				AC2716282059DAB200753671 /* Resources */,
			);
			buildRules = (
			);
			dependencies = (
				AC27162C2059DAB200753671 /* PBXTargetDependency */,
			);
			name = PensamentosUITests;
			productName = PensamentosUITests;
			productReference = AC27162A2059DAB200753671 /* PensamentosUITests.xctest */;
			productType = "com.apple.product-type.bundle.ui-testing";
		};
/* End PBXNativeTarget section */

/* Begin PBXProject section */
		AC2716032059DAB200753671 /* Project object */ = {
			isa = PBXProject;
			attributes = {
				LastSwiftUpdateCheck = 0920;
				LastUpgradeCheck = 0920;
				ORGANIZATIONNAME = Fellipe;
				TargetAttributes = {
					AC27160A2059DAB200753671 = {
						CreatedOnToolsVersion = 9.2;
						ProvisioningStyle = Automatic;
					};
					AC27161E2059DAB200753671 = {
						CreatedOnToolsVersion = 9.2;
						ProvisioningStyle = Automatic;
						TestTargetID = AC27160A2059DAB200753671;
					};
					AC2716292059DAB200753671 = {
						CreatedOnToolsVersion = 9.2;
						ProvisioningStyle = Automatic;
						TestTargetID = AC27160A2059DAB200753671;
					};
				};
			};
			buildConfigurationList = AC2716062059DAB200753671 /* Build configuration list for PBXProject "Pensamentos" */;
			compatibilityVersion = "Xcode 8.0";
			developmentRegion = en;
			hasScannedForEncodings = 0;
			knownRegions = (
				en,
				Base,
			);
			mainGroup = AC2716022059DAB200753671;
			productRefGroup = AC27160C2059DAB200753671 /* Products */;
			projectDirPath = "";
			projectRoot = "";
			targets = (
				AC27160A2059DAB200753671 /* Pensamentos */,
				AC27161E2059DAB200753671 /* PensamentosTests */,
				AC2716292059DAB200753671 /* PensamentosUITests */,
			);
		};
/* End PBXProject section */

/* Begin PBXResourcesBuildPhase section */
		AC2716092059DAB200753671 /* Resources */ = {
			isa = PBXResourcesBuildPhase;
			buildActionMask = 2147483647;
			files = (
				ACA1F0032059F6E3005ECBAA /* quotes.json in Resources */,
				AC2716192059DAB200753671 /* LaunchScreen.storyboard in Resources */,
				AC2716162059DAB200753671 /* Assets.xcassets in Resources */,
				AC2716142059DAB200753671 /* Main.storyboard in Resources */,
			);
			runOnlyForDeploymentPostprocessing = 0;
		};
		AC27161D2059DAB200753671 /* Resources */ = {
			isa = PBXResourcesBuildPhase;
			buildActionMask = 2147483647;
			files = (
			);
			runOnlyForDeploymentPostprocessing = 0;
		};
		AC2716282059DAB200753671 /* Resources */ = {
			isa = PBXResourcesBuildPhase;
			buildActionMask = 2147483647;
			files = (
			);
			runOnlyForDeploymentPostprocessing = 0;
		};
/* End PBXResourcesBuildPhase section */

/* Begin PBXSourcesBuildPhase section */
		AC2716072059DAB200753671 /* Sources */ = {
			isa = PBXSourcesBuildPhase;
			buildActionMask = 2147483647;
			files = (
				ACA1EFFF2059F53E005ECBAA /* QuotesManager.swift in Sources */,
				AC2716112059DAB200753671 /* QuotesViewController.swift in Sources */,
				ACA1F0052059FCF2005ECBAA /* Configuration.swift in Sources */,
				AC27163F2059E25200753671 /* SaveViewController.swift in Sources */,
				AC27160F2059DAB200753671 /* AppDelegate.swift in Sources */,
				ACA1F0012059F5A7005ECBAA /* Quote.swift in Sources */,
				AC27163D2059E24200753671 /* ConfigViewController.swift in Sources */,
			);
			runOnlyForDeploymentPostprocessing = 0;
		};
		AC27161B2059DAB200753671 /* Sources */ = {
			isa = PBXSourcesBuildPhase;
			buildActionMask = 2147483647;
			files = (
				AC2716242059DAB200753671 /* PensamentosTests.swift in Sources */,
			);
			runOnlyForDeploymentPostprocessing = 0;
		};
		AC2716262059DAB200753671 /* Sources */ = {
			isa = PBXSourcesBuildPhase;
			buildActionMask = 2147483647;
			files = (
				AC27162F2059DAB300753671 /* PensamentosUITests.swift in Sources */,
			);
			runOnlyForDeploymentPostprocessing = 0;
		};
/* End PBXSourcesBuildPhase section */

/* Begin PBXTargetDependency section */
		AC2716212059DAB200753671 /* PBXTargetDependency */ = {
			isa = PBXTargetDependency;
			target = AC27160A2059DAB200753671 /* Pensamentos */;
			targetProxy = AC2716202059DAB200753671 /* PBXContainerItemProxy */;
		};
		AC27162C2059DAB200753671 /* PBXTargetDependency */ = {
			isa = PBXTargetDependency;
			target = AC27160A2059DAB200753671 /* Pensamentos */;
			targetProxy = AC27162B2059DAB200753671 /* PBXContainerItemProxy */;
		};
/* End PBXTargetDependency section */

/* Begin PBXVariantGroup section */
		AC2716122059DAB200753671 /* Main.storyboard */ = {
			isa = PBXVariantGroup;
			children = (
				AC2716132059DAB200753671 /* Base */,
			);
			name = Main.storyboard;
			sourceTree = "<group>";
		};
		AC2716172059DAB200753671 /* LaunchScreen.storyboard */ = {
			isa = PBXVariantGroup;
			children = (
				AC2716182059DAB200753671 /* Base */,
			);
			name = LaunchScreen.storyboard;
			sourceTree = "<group>";
		};
/* End PBXVariantGroup section */

/* Begin XCBuildConfiguration section */
		AC2716312059DAB300753671 /* Debug */ = {
			isa = XCBuildConfiguration;
			buildSettings = {
				ALWAYS_SEARCH_USER_PATHS = NO;
				CLANG_ANALYZER_NONNULL = YES;
				CLANG_ANALYZER_NUMBER_OBJECT_CONVERSION = YES_AGGRESSIVE;
				CLANG_CXX_LANGUAGE_STANDARD = "gnu++14";
				CLANG_CXX_LIBRARY = "libc++";
				CLANG_ENABLE_MODULES = YES;
				CLANG_ENABLE_OBJC_ARC = YES;
				CLANG_WARN_BLOCK_CAPTURE_AUTORELEASING = YES;
				CLANG_WARN_BOOL_CONVERSION = YES;
				CLANG_WARN_COMMA = YES;
				CLANG_WARN_CONSTANT_CONVERSION = YES;
				CLANG_WARN_DIRECT_OBJC_ISA_USAGE = YES_ERROR;
				CLANG_WARN_DOCUMENTATION_COMMENTS = YES;
				CLANG_WARN_EMPTY_BODY = YES;
				CLANG_WARN_ENUM_CONVERSION = YES;
				CLANG_WARN_INFINITE_RECURSION = YES;
				CLANG_WARN_INT_CONVERSION = YES;
				CLANG_WARN_NON_LITERAL_NULL_CONVERSION = YES;
				CLANG_WARN_OBJC_LITERAL_CONVERSION = YES;
				CLANG_WARN_OBJC_ROOT_CLASS = YES_ERROR;
				CLANG_WARN_RANGE_LOOP_ANALYSIS = YES;
				CLANG_WARN_STRICT_PROTOTYPES = YES;
				CLANG_WARN_SUSPICIOUS_MOVE = YES;
				CLANG_WARN_UNGUARDED_AVAILABILITY = YES_AGGRESSIVE;
				CLANG_WARN_UNREACHABLE_CODE = YES;
				CLANG_WARN__DUPLICATE_METHOD_MATCH = YES;
				CODE_SIGN_IDENTITY = "iPhone Developer";
				COPY_PHASE_STRIP = NO;
				DEBUG_INFORMATION_FORMAT = dwarf;
				ENABLE_STRICT_OBJC_MSGSEND = YES;
				ENABLE_TESTABILITY = YES;
				GCC_C_LANGUAGE_STANDARD = gnu11;
				GCC_DYNAMIC_NO_PIC = NO;
				GCC_NO_COMMON_BLOCKS = YES;
				GCC_OPTIMIZATION_LEVEL = 0;
				GCC_PREPROCESSOR_DEFINITIONS = (
					"DEBUG=1",
					"$(inherited)",
				);
				GCC_WARN_64_TO_32_BIT_CONVERSION = YES;
				GCC_WARN_ABOUT_RETURN_TYPE = YES_ERROR;
				GCC_WARN_UNDECLARED_SELECTOR = YES;
				GCC_WARN_UNINITIALIZED_AUTOS = YES_AGGRESSIVE;
				GCC_WARN_UNUSED_FUNCTION = YES;
				GCC_WARN_UNUSED_VARIABLE = YES;
				IPHONEOS_DEPLOYMENT_TARGET = 11.2;
				MTL_ENABLE_DEBUG_INFO = YES;
				ONLY_ACTIVE_ARCH = YES;
				SDKROOT = iphoneos;
				SWIFT_ACTIVE_COMPILATION_CONDITIONS = DEBUG;
				SWIFT_OPTIMIZATION_LEVEL = "-Onone";
			};
			name = Debug;
		};
		AC2716322059DAB300753671 /* Release */ = {
			isa = XCBuildConfiguration;
			buildSettings = {
				ALWAYS_SEARCH_USER_PATHS = NO;
				CLANG_ANALYZER_NONNULL = YES;
				CLANG_ANALYZER_NUMBER_OBJECT_CONVERSION = YES_AGGRESSIVE;
				CLANG_CXX_LANGUAGE_STANDARD = "gnu++14";
				CLANG_CXX_LIBRARY = "libc++";
				CLANG_ENABLE_MODULES = YES;
				CLANG_ENABLE_OBJC_ARC = YES;
				CLANG_WARN_BLOCK_CAPTURE_AUTORELEASING = YES;
				CLANG_WARN_BOOL_CONVERSION = YES;
				CLANG_WARN_COMMA = YES;
				CLANG_WARN_CONSTANT_CONVERSION = YES;
				CLANG_WARN_DIRECT_OBJC_ISA_USAGE = YES_ERROR;
				CLANG_WARN_DOCUMENTATION_COMMENTS = YES;
				CLANG_WARN_EMPTY_BODY = YES;
				CLANG_WARN_ENUM_CONVERSION = YES;
				CLANG_WARN_INFINITE_RECURSION = YES;
				CLANG_WARN_INT_CONVERSION = YES;
				CLANG_WARN_NON_LITERAL_NULL_CONVERSION = YES;
				CLANG_WARN_OBJC_LITERAL_CONVERSION = YES;
				CLANG_WARN_OBJC_ROOT_CLASS = YES_ERROR;
				CLANG_WARN_RANGE_LOOP_ANALYSIS = YES;
				CLANG_WARN_STRICT_PROTOTYPES = YES;
				CLANG_WARN_SUSPICIOUS_MOVE = YES;
				CLANG_WARN_UNGUARDED_AVAILABILITY = YES_AGGRESSIVE;
				CLANG_WARN_UNREACHABLE_CODE = YES;
				CLANG_WARN__DUPLICATE_METHOD_MATCH = YES;
				CODE_SIGN_IDENTITY = "iPhone Developer";
				COPY_PHASE_STRIP = NO;
				DEBUG_INFORMATION_FORMAT = "dwarf-with-dsym";
				ENABLE_NS_ASSERTIONS = NO;
				ENABLE_STRICT_OBJC_MSGSEND = YES;
				GCC_C_LANGUAGE_STANDARD = gnu11;
				GCC_NO_COMMON_BLOCKS = YES;
				GCC_WARN_64_TO_32_BIT_CONVERSION = YES;
				GCC_WARN_ABOUT_RETURN_TYPE = YES_ERROR;
				GCC_WARN_UNDECLARED_SELECTOR = YES;
				GCC_WARN_UNINITIALIZED_AUTOS = YES_AGGRESSIVE;
				GCC_WARN_UNUSED_FUNCTION = YES;
				GCC_WARN_UNUSED_VARIABLE = YES;
				IPHONEOS_DEPLOYMENT_TARGET = 11.2;
				MTL_ENABLE_DEBUG_INFO = NO;
				SDKROOT = iphoneos;
				SWIFT_OPTIMIZATION_LEVEL = "-Owholemodule";
				VALIDATE_PRODUCT = YES;
			};
			name = Release;
		};
		AC2716342059DAB300753671 /* Debug */ = {
			isa = XCBuildConfiguration;
			buildSettings = {
				ASSETCATALOG_COMPILER_APPICON_NAME = AppIcon;
				CODE_SIGN_STYLE = Automatic;
				INFOPLIST_FILE = Pensamentos/Info.plist;
				LD_RUNPATH_SEARCH_PATHS = "$(inherited) @executable_path/Frameworks";
				PRODUCT_BUNDLE_IDENTIFIER = br.com.fellipe.oliveira.Pensamentos;
				PRODUCT_NAME = "$(TARGET_NAME)";
				SWIFT_VERSION = 4.0;
				TARGETED_DEVICE_FAMILY = "1,2";
			};
			name = Debug;
		};
		AC2716352059DAB300753671 /* Release */ = {
			isa = XCBuildConfiguration;
			buildSettings = {
				ASSETCATALOG_COMPILER_APPICON_NAME = AppIcon;
				CODE_SIGN_STYLE = Automatic;
				INFOPLIST_FILE = Pensamentos/Info.plist;
				LD_RUNPATH_SEARCH_PATHS = "$(inherited) @executable_path/Frameworks";
				PRODUCT_BUNDLE_IDENTIFIER = br.com.fellipe.oliveira.Pensamentos;
				PRODUCT_NAME = "$(TARGET_NAME)";
				SWIFT_VERSION = 4.0;
				TARGETED_DEVICE_FAMILY = "1,2";
			};
			name = Release;
		};
		AC2716372059DAB300753671 /* Debug */ = {
			isa = XCBuildConfiguration;
			buildSettings = {
				ALWAYS_EMBED_SWIFT_STANDARD_LIBRARIES = YES;
				BUNDLE_LOADER = "$(TEST_HOST)";
				CODE_SIGN_STYLE = Automatic;
				INFOPLIST_FILE = PensamentosTests/Info.plist;
				LD_RUNPATH_SEARCH_PATHS = "$(inherited) @executable_path/Frameworks @loader_path/Frameworks";
				PRODUCT_BUNDLE_IDENTIFIER = br.com.fellipe.oliveira.PensamentosTests;
				PRODUCT_NAME = "$(TARGET_NAME)";
				SWIFT_VERSION = 4.0;
				TARGETED_DEVICE_FAMILY = "1,2";
				TEST_HOST = "$(BUILT_PRODUCTS_DIR)/Pensamentos.app/Pensamentos";
			};
			name = Debug;
		};
		AC2716382059DAB300753671 /* Release */ = {
			isa = XCBuildConfiguration;
			buildSettings = {
				ALWAYS_EMBED_SWIFT_STANDARD_LIBRARIES = YES;
				BUNDLE_LOADER = "$(TEST_HOST)";
				CODE_SIGN_STYLE = Automatic;
				INFOPLIST_FILE = PensamentosTests/Info.plist;
				LD_RUNPATH_SEARCH_PATHS = "$(inherited) @executable_path/Frameworks @loader_path/Frameworks";
				PRODUCT_BUNDLE_IDENTIFIER = br.com.fellipe.oliveira.PensamentosTests;
				PRODUCT_NAME = "$(TARGET_NAME)";
				SWIFT_VERSION = 4.0;
				TARGETED_DEVICE_FAMILY = "1,2";
				TEST_HOST = "$(BUILT_PRODUCTS_DIR)/Pensamentos.app/Pensamentos";
			};
			name = Release;
		};
		AC27163A2059DAB300753671 /* Debug */ = {
			isa = XCBuildConfiguration;
			buildSettings = {
				ALWAYS_EMBED_SWIFT_STANDARD_LIBRARIES = YES;
				CODE_SIGN_STYLE = Automatic;
				INFOPLIST_FILE = PensamentosUITests/Info.plist;
				LD_RUNPATH_SEARCH_PATHS = "$(inherited) @executable_path/Frameworks @loader_path/Frameworks";
				PRODUCT_BUNDLE_IDENTIFIER = br.com.fellipe.oliveira.PensamentosUITests;
				PRODUCT_NAME = "$(TARGET_NAME)";
				SWIFT_VERSION = 4.0;
				TARGETED_DEVICE_FAMILY = "1,2";
				TEST_TARGET_NAME = Pensamentos;
			};
			name = Debug;
		};
		AC27163B2059DAB300753671 /* Release */ = {
			isa = XCBuildConfiguration;
			buildSettings = {
				ALWAYS_EMBED_SWIFT_STANDARD_LIBRARIES = YES;
				CODE_SIGN_STYLE = Automatic;
				INFOPLIST_FILE = PensamentosUITests/Info.plist;
				LD_RUNPATH_SEARCH_PATHS = "$(inherited) @executable_path/Frameworks @loader_path/Frameworks";
				PRODUCT_BUNDLE_IDENTIFIER = br.com.fellipe.oliveira.PensamentosUITests;
				PRODUCT_NAME = "$(TARGET_NAME)";
				SWIFT_VERSION = 4.0;
				TARGETED_DEVICE_FAMILY = "1,2";
				TEST_TARGET_NAME = Pensamentos;
			};
			name = Release;
		};
/* End XCBuildConfiguration section */

/* Begin XCConfigurationList section */
		AC2716062059DAB200753671 /* Build configuration list for PBXProject "Pensamentos" */ = {
			isa = XCConfigurationList;
			buildConfigurations = (
				AC2716312059DAB300753671 /* Debug */,
				AC2716322059DAB300753671 /* Release */,
			);
			defaultConfigurationIsVisible = 0;
			defaultConfigurationName = Release;
		};
		AC2716332059DAB300753671 /* Build configuration list for PBXNativeTarget "Pensamentos" */ = {
			isa = XCConfigurationList;
			buildConfigurations = (
				AC2716342059DAB300753671 /* Debug */,
				AC2716352059DAB300753671 /* Release */,
			);
			defaultConfigurationIsVisible = 0;
			defaultConfigurationName = Release;
		};
		AC2716362059DAB300753671 /* Build configuration list for PBXNativeTarget "PensamentosTests" */ = {
			isa = XCConfigurationList;
			buildConfigurations = (
				AC2716372059DAB300753671 /* Debug */,
				AC2716382059DAB300753671 /* Release */,
			);
			defaultConfigurationIsVisible = 0;
			defaultConfigurationName = Release;
		};
		AC2716392059DAB300753671 /* Build configuration list for PBXNativeTarget "PensamentosUITests" */ = {
			isa = XCConfigurationList;
			buildConfigurations = (
				AC27163A2059DAB300753671 /* Debug */,
				AC27163B2059DAB300753671 /* Release */,
			);
			defaultConfigurationIsVisible = 0;
			defaultConfigurationName = Release;
		};
/* End XCConfigurationList section */
	};
	rootObject = AC2716032059DAB200753671 /* Project object */;
}
